<?xml version="1.0" encoding="utf-8"?>
<Project ToolsVersion="4.0" xmlns="http://schemas.microsoft.com/developer/msbuild/2003">
  <ItemGroup>
    <Filter Include="源文件">
      <UniqueIdentifier>{4FC737F1-C7A5-4376-A066-2A32D752A2FF}</UniqueIdentifier>
      <Extensions>cpp;c;cc;cxx;def;odl;idl;hpj;bat;asm;asmx</Extensions>
    </Filter>
    <Filter Include="头文件">
      <UniqueIdentifier>{93995380-89BD-4b04-88EB-625FBE52EBFB}</UniqueIdentifier>
      <Extensions>h;hh;hpp;hxx;hm;inl;inc;xsd</Extensions>
    </Filter>
    <Filter Include="资源文件">
      <UniqueIdentifier>{67DA6AB6-F800-4c08-8B7A-83BB121AAD01}</UniqueIdentifier>
      <Extensions>rc;ico;cur;bmp;dlg;rc2;rct;bin;rgs;gif;jpg;jpeg;jpe;resx;tiff;tif;png;wav;mfcribbon-ms</Extensions>
    </Filter>
    <Filter Include="源文件\shaders">
      <UniqueIdentifier>{29a0869e-bd35-429c-a10f-ba14ee4027fa}</UniqueIdentifier>
    </Filter>
    <Filter Include="源文件\math">
      <UniqueIdentifier>{52860b7c-b39f-48b1-aff6-222490e14d36}</UniqueIdentifier>
    </Filter>
    <Filter Include="源文件\shaders\blending">
      <UniqueIdentifier>{470627f5-0e57-41cc-a532-a269c9217983}</UniqueIdentifier>
    </Filter>
  </ItemGroup>
  <ItemGroup>
    <ClCompile Include="Main.cpp">
      <Filter>源文件</Filter>
    </ClCompile>
    <ClCompile Include="Shader.cpp">
      <Filter>源文件</Filter>
    </ClCompile>
    <ClCompile Include="math\AABB3.cpp">
      <Filter>源文件\math</Filter>
    </ClCompile>
    <ClCompile Include="math\MathUtil.cpp">
      <Filter>源文件\math</Filter>
    </ClCompile>
    <ClCompile Include="math\Matrix.cpp">
      <Filter>源文件\math</Filter>
    </ClCompile>
    <ClCompile Include="math\Plane.cpp">
      <Filter>源文件\math</Filter>
    </ClCompile>
    <ClCompile Include="math\Sphere.cpp">
      <Filter>源文件\math</Filter>
    </ClCompile>
  </ItemGroup>
  <ItemGroup>
    <ClInclude Include="Shader.h">
      <Filter>源文件</Filter>
    </ClInclude>
    <ClInclude Include="Camera.h">
      <Filter>源文件</Filter>
    </ClInclude>
    <ClInclude Include="math\AABB3.h">
      <Filter>源文件\math</Filter>
    </ClInclude>
    <ClInclude Include="math\MathUtil.h">
      <Filter>源文件\math</Filter>
    </ClInclude>
    <ClInclude Include="math\Matrix.h">
      <Filter>源文件\math</Filter>
    </ClInclude>
    <ClInclude Include="math\Plane.h">
      <Filter>源文件\math</Filter>
    </ClInclude>
    <ClInclude Include="math\Sphere.h">
      <Filter>源文件\math</Filter>
    </ClInclude>
    <ClInclude Include="math\Vector3.h">
      <Filter>源文件\math</Filter>
    </ClInclude>
  </ItemGroup>
  <ItemGroup>
    <None Include="..\Debug\shader.vs">
      <Filter>源文件\shaders</Filter>
    </None>
    <None Include="..\Debug\shader.frag">
      <Filter>源文件\shaders</Filter>
    </None>
    <None Include="..\Debug\lamp.frag">
      <Filter>源文件\shaders</Filter>
    </None>
    <None Include="..\Debug\lamp.vs">
      <Filter>源文件\shaders</Filter>
    </None>
    <None Include="..\Debug\object.frag">
      <Filter>源文件\shaders</Filter>
    </None>
    <None Include="..\Debug\object.vs">
      <Filter>源文件\shaders</Filter>
    </None>
    <None Include="..\Debug\blending\blending.frag">
      <Filter>源文件\shaders\blending</Filter>
    </None>
    <None Include="..\Debug\blending\blending.vs">
      <Filter>源文件\shaders\blending</Filter>
    </None>
  </ItemGroup>
</Project>